<Solution>
  <Project Path="src/LegacyHost.WebForms/LegacyHost.WebForms.csproj" Id="fdf5cf4a-a789-4bdd-8319-f9a3958b6412" />
  <Project Path="src/LpListSpa/LpListSpa.csproj" />
  <Project Path="src/ModernApi/ModernApi.csproj" />
  <Project Path="src/ModernHost.Mvc/ModernHost.Mvc.csproj" />
</Solution>